
Microsoft Visual Studio Solution File, Format Version 12.00
# Visual Studio Version 17
VisualStudioVersion = 17.9.34728.123
MinimumVisualStudioVersion = 10.0.40219.1
Project("{FAE04EC0-301F-11D3-BF4B-00C04F79EFBC}") = "LongNameGameIntiface", "LongNameGameIntiface.csproj", "{C8FA66A0-7463-46CA-948D-DAF8D2BCFCFE}"
EndProject
Global
	GlobalSection(SolutionConfigurationPlatforms) = preSolution
		Debug|Any CPU = Debug|Any CPU
		Release|Any CPU = Release|Any CPU
	EndGlobalSection
	GlobalSection(ProjectConfigurationPlatforms) = postSolution
		{C8FA66A0-7463-46CA-948D-DAF8D2BCFCFE}.Debug|Any CPU.ActiveCfg = Debug|Any CPU
		{C8FA66A0-7463-46CA-948D-DAF8D2BCFCFE}.Debug|Any CPU.Build.0 = Debug|Any CPU
		{C8FA66A0-7463-46CA-948D-DAF8D2BCFCFE}.Release|Any CPU.ActiveCfg = Release|Any CPU
		{C8FA66A0-7463-46CA-948D-DAF8D2BCFCFE}.Release|Any CPU.Build.0 = Release|Any CPU
	EndGlobalSection
	GlobalSection(SolutionProperties) = preSolution
		HideSolutionNode = FALSE
	EndGlobalSection
	GlobalSection(ExtensibilityGlobals) = postSolution
		SolutionGuid = {91B49BB0-78DD-4F57-A9D2-7195A86A9A17}
	EndGlobalSection
EndGlobal
